Microsoft Visual Studio Solution File, Format Version 8.00
Project("{FAE04EC0-301F-11D3-BF4B-00C04F79EFBC}") = "TraceJPG", "TraceJPG\TraceJPG.csproj", "{93432B2B-FC00-4C5D-B4AE-A211B7621DD3}"
	ProjectSection(ProjectDependencies) = postProject
	EndProjectSection
EndProject
Global
	GlobalSection(SolutionConfiguration) = preSolution
		Debug = Debug
		Release = Release
	EndGlobalSection
	GlobalSection(ProjectConfiguration) = postSolution
		{93432B2B-FC00-4C5D-B4AE-A211B7621DD3}.Debug.ActiveCfg = Debug|.NET
		{93432B2B-FC00-4C5D-B4AE-A211B7621DD3}.Debug.Build.0 = Debug|.NET
		{93432B2B-FC00-4C5D-B4AE-A211B7621DD3}.Release.ActiveCfg = Release|.NET
		{93432B2B-FC00-4C5D-B4AE-A211B7621DD3}.Release.Build.0 = Release|.NET
	EndGlobalSection
	GlobalSection(ExtensibilityGlobals) = postSolution
	EndGlobalSection
	GlobalSection(ExtensibilityAddIns) = postSolution
	EndGlobalSection
EndGlobal
